
Microsoft Visual Studio Solution File, Format Version 12.00
# Visual Studio Version 17
VisualStudioVersion = 17.5.002.0
MinimumVisualStudioVersion = 10.0.40219.1
Project("{2150E333-8FDC-42A3-9474-1A3956D46DE8}") = "src", "src", "{BA88CCF5-0895-47B9-8FC7-A6EF0967296E}"
EndProject
Project("{9A19103F-16F7-4668-BE54-9A1E7A4F7556}") = "CanadianCuisine", "src\CanadianCuisine\CanadianCuisine.csproj", "{CE485805-A95F-46F4-AFC2-CF0FDA6EF49A}"
EndProject
Global
	GlobalSection(SolutionConfigurationPlatforms) = preSolution
		Debug|Any CPU = Debug|Any CPU
		Release|Any CPU = Release|Any CPU
	EndGlobalSection
	GlobalSection(ProjectConfigurationPlatforms) = postSolution
		{CE485805-A95F-46F4-AFC2-CF0FDA6EF49A}.Debug|Any CPU.ActiveCfg = Debug|Any CPU
		{CE485805-A95F-46F4-AFC2-CF0FDA6EF49A}.Debug|Any CPU.Build.0 = Debug|Any CPU
		{CE485805-A95F-46F4-AFC2-CF0FDA6EF49A}.Release|Any CPU.ActiveCfg = Release|Any CPU
		{CE485805-A95F-46F4-AFC2-CF0FDA6EF49A}.Release|Any CPU.Build.0 = Release|Any CPU
	EndGlobalSection
	GlobalSection(SolutionProperties) = preSolution
		HideSolutionNode = FALSE
	EndGlobalSection
	GlobalSection(NestedProjects) = preSolution
		{CE485805-A95F-46F4-AFC2-CF0FDA6EF49A} = {BA88CCF5-0895-47B9-8FC7-A6EF0967296E}
	EndGlobalSection
	GlobalSection(ExtensibilityGlobals) = postSolution
		SolutionGuid = {92F6D475-68F0-44D6-A1AF-A28F5948E381}
	EndGlobalSection
EndGlobal
